# This file is generated by running "yarn install" inside your project.
# Manual changes might be lost - proceed with caution!

__metadata:
  version: 6
  cacheKey: 8

"@telegraf/types@npm:^7.1.0":
  version: 7.1.0
  resolution: "@telegraf/types@npm:7.1.0"
  checksum: c0cceb5e043f4c4bdba50d2614145751156864c60c775969ff0e8a984ccc222fbcba560c5249e86c205e776ab63401b5b979db8a28cd77ae655c63f23e7a2e6b
  languageName: node
  linkType: hard

"abort-controller@npm:^3.0.0":
  version: 3.0.0
  resolution: "abort-controller@npm:3.0.0"
  dependencies:
    event-target-shim: ^5.0.0
  checksum: 170bdba9b47b7e65906a28c8ce4f38a7a369d78e2271706f020849c1bfe0ee2067d4261df8bbb66eb84f79208fd5b710df759d64191db58cfba7ce8ef9c54b75
  languageName: node
  linkType: hard

"buffer-alloc-unsafe@npm:^1.1.0":
  version: 1.1.0
  resolution: "buffer-alloc-unsafe@npm:1.1.0"
  checksum: c5e18bf51f67754ec843c9af3d4c005051aac5008a3992938dda1344e5cfec77c4b02b4ca303644d1e9a6e281765155ce6356d85c6f5ccc5cd21afc868def396
  languageName: node
  linkType: hard

"buffer-alloc@npm:^1.2.0":
  version: 1.2.0
  resolution: "buffer-alloc@npm:1.2.0"
  dependencies:
    buffer-alloc-unsafe: ^1.1.0
    buffer-fill: ^1.0.0
  checksum: 560cd27f3cbe73c614867da373407d4506309c62fe18de45a1ce191f3785ec6ca2488d802ff82065798542422980ca25f903db078c57822218182c37c3576df5
  languageName: node
  linkType: hard

"buffer-fill@npm:^1.0.0":
  version: 1.0.0
  resolution: "buffer-fill@npm:1.0.0"
  checksum: c29b4723ddeab01e74b5d3b982a0c6828f2ded49cef049ddca3dac661c874ecdbcecb5dd8380cf0f4adbeb8cff90a7de724126750a1f1e5ebd4eb6c59a1315b1
  languageName: node
  linkType: hard

"debug@npm:^4.3.4":
  version: 4.3.6
  resolution: "debug@npm:4.3.6"
  dependencies:
    ms: 2.1.2
  peerDependenciesMeta:
    supports-color:
      optional: true
  checksum: 1630b748dea3c581295e02137a9f5cbe2c1d85fea35c1e6597a65ca2b16a6fce68cec61b299d480787ef310ba927dc8c92d3061faba0ad06c6a724672f66be7f
  languageName: node
  linkType: hard

"event-target-shim@npm:^5.0.0":
  version: 5.0.1
  resolution: "event-target-shim@npm:5.0.1"
  checksum: 1ffe3bb22a6d51bdeb6bf6f7cf97d2ff4a74b017ad12284cc9e6a279e727dc30a5de6bb613e5596ff4dc3e517841339ad09a7eec44266eccb1aa201a30448166
  languageName: node
  linkType: hard

"mri@npm:^1.2.0":
  version: 1.2.0
  resolution: "mri@npm:1.2.0"
  checksum: 83f515abbcff60150873e424894a2f65d68037e5a7fcde8a9e2b285ee9c13ac581b63cfc1e6826c4732de3aeb84902f7c1e16b7aff46cd3f897a0f757a894e85
  languageName: node
  linkType: hard

"ms@npm:2.1.2":
  version: 2.1.2
  resolution: "ms@npm:2.1.2"
  checksum: 673cdb2c3133eb050c745908d8ce632ed2c02d85640e2edb3ace856a2266a813b30c613569bf3354fdf4ea7d1a1494add3bfa95e2713baa27d0c2c71fc44f58f
  languageName: node
  linkType: hard

"node-fetch@npm:^2.7.0":
  version: 2.7.0
  resolution: "node-fetch@npm:2.7.0"
  dependencies:
    whatwg-url: ^5.0.0
  peerDependencies:
    encoding: ^0.1.0
  peerDependenciesMeta:
    encoding:
      optional: true
  checksum: d76d2f5edb451a3f05b15115ec89fc6be39de37c6089f1b6368df03b91e1633fd379a7e01b7ab05089a25034b2023d959b47e59759cb38d88341b2459e89d6e5
  languageName: node
  linkType: hard

"p-timeout@npm:^4.1.0":
  version: 4.1.0
  resolution: "p-timeout@npm:4.1.0"
  checksum: 321fec524c23a754e3f1487f2b0a5516fd32aba960d5610490eac56f8a0114b549a93f9919ffc05aa68956dc52e8330e0519f3ddf951d208d19c845f9cd778de
  languageName: node
  linkType: hard

"safe-compare@npm:^1.1.4":
  version: 1.1.4
  resolution: "safe-compare@npm:1.1.4"
  dependencies:
    buffer-alloc: ^1.2.0
  checksum: 8c0a08f7a2bec1b33400e17bb7cce40ebe0e53902dbba13735e0131fa432140650de2ab4750637623e02e28edab10fa439825b57a7e8b705cae1deb80a58e516
  languageName: node
  linkType: hard

"sandwich-stream@npm:^2.0.2":
  version: 2.0.2
  resolution: "sandwich-stream@npm:2.0.2"
  checksum: 666d3276e5390786a4ad69f04da472fb69940d1a279a22aebd49ae78ca8f12855503e69d71f77d4b415144a284ffa14efa811a097ad7df501a68c01438b91282
  languageName: node
  linkType: hard

"telegraf@npm:^4.16.3":
  version: 4.16.3
  resolution: "telegraf@npm:4.16.3"
  dependencies:
    "@telegraf/types": ^7.1.0
    abort-controller: ^3.0.0
    debug: ^4.3.4
    mri: ^1.2.0
    node-fetch: ^2.7.0
    p-timeout: ^4.1.0
    safe-compare: ^1.1.4
    sandwich-stream: ^2.0.2
  bin:
    telegraf: lib/cli.mjs
  checksum: e24e1679849e6dcba9d58e932bb441a0c83b183e1a63b951e37635e4e32b9f96824f4bcaa48a9de1a8f92a0bf3afd2734475f0d4f7b4210d5b5f1f169e55c78d
  languageName: node
  linkType: hard

"tr46@npm:~0.0.3":
  version: 0.0.3
  resolution: "tr46@npm:0.0.3"
  checksum: 726321c5eaf41b5002e17ffbd1fb7245999a073e8979085dacd47c4b4e8068ff5777142fc6726d6ca1fd2ff16921b48788b87225cbc57c72636f6efa8efbffe3
  languageName: node
  linkType: hard

"webidl-conversions@npm:^3.0.0":
  version: 3.0.1
  resolution: "webidl-conversions@npm:3.0.1"
  checksum: c92a0a6ab95314bde9c32e1d0a6dfac83b578f8fa5f21e675bc2706ed6981bc26b7eb7e6a1fab158e5ce4adf9caa4a0aee49a52505d4d13c7be545f15021b17c
  languageName: node
  linkType: hard

"whatwg-url@npm:^5.0.0":
  version: 5.0.0
  resolution: "whatwg-url@npm:5.0.0"
  dependencies:
    tr46: ~0.0.3
    webidl-conversions: ^3.0.0
  checksum: b8daed4ad3356cc4899048a15b2c143a9aed0dfae1f611ebd55073310c7b910f522ad75d727346ad64203d7e6c79ef25eafd465f4d12775ca44b90fa82ed9e2c
  languageName: node
  linkType: hard

"xixi-bots@workspace:.":
  version: 0.0.0-use.local
  resolution: "xixi-bots@workspace:."
  dependencies:
    telegraf: ^4.16.3
  languageName: unknown
  linkType: soft
